
Microsoft Visual Studio Solution File, Format Version 12.00
# Visual Studio 15
VisualStudioVersion = 15.0.28307.136
MinimumVisualStudioVersion = 10.0.40219.1
Project("{FAE04EC0-301F-11D3-BF4B-00C04F79EFBC}") = "Entities", "Entities\Entities.csproj", "{CFE45290-66A6-4556-8D5B-78BF393A4B74}"
EndProject
Project("{FAE04EC0-301F-11D3-BF4B-00C04F79EFBC}") = "BLL", "BLL\BLL.csproj", "{4ABEDB45-9663-4D7F-9EC3-A365403F1BA2}"
EndProject
Project("{FAE04EC0-301F-11D3-BF4B-00C04F79EFBC}") = "DAL", "DAL\DAL.csproj", "{3B4BB7B9-FF65-46F3-BEF4-23120A552220}"
EndProject
Project("{FAE04EC0-301F-11D3-BF4B-00C04F79EFBC}") = "Presentation", "Presentation\Presentation.csproj", "{AC0BC866-9F5D-43E8-8595-A7D9150EC02A}"
EndProject
Global
	GlobalSection(SolutionConfigurationPlatforms) = preSolution
		Debug|Any CPU = Debug|Any CPU
		Release|Any CPU = Release|Any CPU
	EndGlobalSection
	GlobalSection(ProjectConfigurationPlatforms) = postSolution
		{CFE45290-66A6-4556-8D5B-78BF393A4B74}.Debug|Any CPU.ActiveCfg = Debug|Any CPU
		{CFE45290-66A6-4556-8D5B-78BF393A4B74}.Debug|Any CPU.Build.0 = Debug|Any CPU
		{CFE45290-66A6-4556-8D5B-78BF393A4B74}.Release|Any CPU.ActiveCfg = Release|Any CPU
		{CFE45290-66A6-4556-8D5B-78BF393A4B74}.Release|Any CPU.Build.0 = Release|Any CPU
		{4ABEDB45-9663-4D7F-9EC3-A365403F1BA2}.Debug|Any CPU.ActiveCfg = Debug|Any CPU
		{4ABEDB45-9663-4D7F-9EC3-A365403F1BA2}.Debug|Any CPU.Build.0 = Debug|Any CPU
		{4ABEDB45-9663-4D7F-9EC3-A365403F1BA2}.Release|Any CPU.ActiveCfg = Release|Any CPU
		{4ABEDB45-9663-4D7F-9EC3-A365403F1BA2}.Release|Any CPU.Build.0 = Release|Any CPU
		{3B4BB7B9-FF65-46F3-BEF4-23120A552220}.Debug|Any CPU.ActiveCfg = Debug|Any CPU
		{3B4BB7B9-FF65-46F3-BEF4-23120A552220}.Debug|Any CPU.Build.0 = Debug|Any CPU
		{3B4BB7B9-FF65-46F3-BEF4-23120A552220}.Release|Any CPU.ActiveCfg = Release|Any CPU
		{3B4BB7B9-FF65-46F3-BEF4-23120A552220}.Release|Any CPU.Build.0 = Release|Any CPU
		{AC0BC866-9F5D-43E8-8595-A7D9150EC02A}.Debug|Any CPU.ActiveCfg = Debug|Any CPU
		{AC0BC866-9F5D-43E8-8595-A7D9150EC02A}.Debug|Any CPU.Build.0 = Debug|Any CPU
		{AC0BC866-9F5D-43E8-8595-A7D9150EC02A}.Release|Any CPU.ActiveCfg = Release|Any CPU
		{AC0BC866-9F5D-43E8-8595-A7D9150EC02A}.Release|Any CPU.Build.0 = Release|Any CPU
	EndGlobalSection
	GlobalSection(SolutionProperties) = preSolution
		HideSolutionNode = FALSE
	EndGlobalSection
	GlobalSection(ExtensibilityGlobals) = postSolution
		SolutionGuid = {D528AD4C-E93E-41B9-AC4B-1F7B6155D5CC}
	EndGlobalSection
EndGlobal
